# This file is automatically @generated by Cargo.
# It is not intended for manual editing.
version = 3

[[package]]
name = "bitcode"
version = "0.4.0"
source = "registry+https://github.com/rust-lang/crates.io-index"
checksum = "fab8eb922a99ab601facde7ae07200e811cdc2ae1df604ffd6c2b7c976dd3fff"
dependencies = [
 "bitcode_derive",
 "bytemuck",
 "from_bytes_or_zeroed",
 "residua-zigzag",
]

[[package]]
name = "bitcode_derive"
version = "0.1.4"
source = "registry+https://github.com/rust-lang/crates.io-index"
checksum = "a2ab471e684e2f6f3c3071361e2c30e41d7543f505658daae3ceb89c202d933e"
dependencies = [
 "packagemerge",
 "proc-macro2",
 "quote",
 "syn",
]

[[package]]
name = "bytemuck"
version = "1.13.1"
source = "registry+https://github.com/rust-lang/crates.io-index"
checksum = "17febce684fd15d89027105661fec94afb475cb995fbc59d2865198446ba2eea"

[[package]]
name = "from_bytes_or_zeroed"
version = "0.1.0"
source = "registry+https://github.com/rust-lang/crates.io-index"
checksum = "3d25934a78435889223e575c7b0fc36a290c5a312e7a7ae901f10587792e142a"

[[package]]
name = "itertools"
version = "0.4.19"
source = "registry+https://github.com/rust-lang/crates.io-index"
checksum = "c4a9b56eb56058f43dc66e58f40a214b2ccbc9f3df51861b63d51dec7b65bc3f"

[[package]]
name = "model"
version = "0.1.0"
dependencies = [
 "bitcode",
]

[[package]]
name = "packagemerge"
version = "0.1.0"
source = "registry+https://github.com/rust-lang/crates.io-index"
checksum = "0efcf6ee55f8f7a24333bc8d1dd0e541a6cedf903dbc07ae6479d7f8ff32ed08"
dependencies = [
 "itertools",
]

[[package]]
name = "proc-macro2"
version = "1.0.57"
source = "registry+https://github.com/rust-lang/crates.io-index"
checksum = "c4ec6d5fe0b140acb27c9a0444118cf55bfbb4e0b259739429abb4521dd67c16"
dependencies = [
 "unicode-ident",
]

[[package]]
name = "quote"
version = "1.0.27"
source = "registry+https://github.com/rust-lang/crates.io-index"
checksum = "8f4f29d145265ec1c483c7c654450edde0bfe043d3938d6972630663356d9500"
dependencies = [
 "proc-macro2",
]

[[package]]
name = "residua-zigzag"
version = "0.1.0"
source = "registry+https://github.com/rust-lang/crates.io-index"
checksum = "2b37805477eee599a61753230f511ae94d737f69b536e468e294723ad5f1b75f"

[[package]]
name = "syn"
version = "2.0.16"
source = "registry+https://github.com/rust-lang/crates.io-index"
checksum = "a6f671d4b5ffdb8eadec19c0ae67fe2639df8684bd7bc4b83d986b8db549cf01"
dependencies = [
 "proc-macro2",
 "quote",
 "unicode-ident",
]

[[package]]
name = "unicode-ident"
version = "1.0.8"
source = "registry+https://github.com/rust-lang/crates.io-index"
checksum = "e5464a87b239f13a63a501f2701565754bae92d243d4bb7eb12f6d57d2269bf4"
